
Microsoft Visual Studio Solution File, Format Version 12.00
# Visual Studio 14
VisualStudioVersion = 14.0.24720.0
MinimumVisualStudioVersion = 10.0.40219.1
Project("{FAE04EC0-301F-11D3-BF4B-00C04F79EFBC}") = "SampleSpecs", "test\SampleSpecs\SampleSpecs.csproj", "{DCE738AF-2C14-4279-96FB-16930BD1F459}"
EndProject
Project("{FAE04EC0-301F-11D3-BF4B-00C04F79EFBC}") = "NSpectator", "src\NSpectator\NSpectator.csproj", "{36862628-1F0C-4EA5-8963-C79BAF958DC1}"
EndProject
Project("{FAE04EC0-301F-11D3-BF4B-00C04F79EFBC}") = "SpecRunner", "src\SpecRunner\SpecRunner.csproj", "{24F513D3-3D65-42B9-893A-0D3196E45043}"
EndProject
Project("{FAE04EC0-301F-11D3-BF4B-00C04F79EFBC}") = "NSpectator.Specs", "test\NSpectator.Specs\NSpectator.Specs.csproj", "{DC55CE3B-BB8C-42BB-A363-D3F1ED825A86}"
EndProject
Project("{2150E333-8FDC-42A3-9474-1A3956D46DE8}") = "shared", "shared", "{13126E01-6530-4761-909F-5A8BCE21FE13}"
	ProjectSection(SolutionItems) = preProject
		SharedAssemblyInfo.cs = SharedAssemblyInfo.cs
	EndProjectSection
EndProject
Project("{FAE04EC0-301F-11D3-BF4B-00C04F79EFBC}") = "SampleSpecsFocus", "test\SampleSpecsFocus\SampleSpecsFocus.csproj", "{17D2A12B-FCB1-4528-BA18-80FCE760249B}"
EndProject
Project("{2150E333-8FDC-42A3-9474-1A3956D46DE8}") = "spec", "spec", "{26AE14E5-CB42-48B3-AF58-563F9C783EE4}"
EndProject
Project("{2150E333-8FDC-42A3-9474-1A3956D46DE8}") = "tools", "tools", "{D3F7937A-0B06-402D-A579-98DCFA0720DF}"
EndProject
Project("{2150E333-8FDC-42A3-9474-1A3956D46DE8}") = "samples", "samples", "{8AF203FC-E533-41EF-9870-2134049C4016}"
EndProject
Project("{FAE04EC0-301F-11D3-BF4B-00C04F79EFBC}") = "Bowling", "samples\Bowling\Bowling.csproj", "{05F98D83-C125-4553-BBA3-280731787A49}"
EndProject
Project("{FAE04EC0-301F-11D3-BF4B-00C04F79EFBC}") = "Bowling.Specs", "samples\Bowling.Specs\Bowling.Specs.csproj", "{EECC3FFC-827E-4051-9EDA-632BFBA7222B}"
EndProject
Project("{FAE04EC0-301F-11D3-BF4B-00C04F79EFBC}") = "Samples.Test", "samples\Samples.Test\Samples.Test.csproj", "{DAE7EB04-FF30-4C25-A3B2-126F8758CBD1}"
EndProject
Global
	GlobalSection(SolutionConfigurationPlatforms) = preSolution
		Debug|Any CPU = Debug|Any CPU
		Debug|Mixed Platforms = Debug|Mixed Platforms
		Debug|x86 = Debug|x86
		Release|Any CPU = Release|Any CPU
		Release|Mixed Platforms = Release|Mixed Platforms
		Release|x86 = Release|x86
	EndGlobalSection
	GlobalSection(ProjectConfigurationPlatforms) = postSolution
		{DCE738AF-2C14-4279-96FB-16930BD1F459}.Debug|Any CPU.ActiveCfg = Debug|Any CPU
		{DCE738AF-2C14-4279-96FB-16930BD1F459}.Debug|Any CPU.Build.0 = Debug|Any CPU
		{DCE738AF-2C14-4279-96FB-16930BD1F459}.Debug|Mixed Platforms.ActiveCfg = Debug|Any CPU
		{DCE738AF-2C14-4279-96FB-16930BD1F459}.Debug|Mixed Platforms.Build.0 = Debug|Any CPU
		{DCE738AF-2C14-4279-96FB-16930BD1F459}.Debug|x86.ActiveCfg = Debug|Any CPU
		{DCE738AF-2C14-4279-96FB-16930BD1F459}.Release|Any CPU.ActiveCfg = Release|Any CPU
		{DCE738AF-2C14-4279-96FB-16930BD1F459}.Release|Any CPU.Build.0 = Release|Any CPU
		{DCE738AF-2C14-4279-96FB-16930BD1F459}.Release|Mixed Platforms.ActiveCfg = Release|Any CPU
		{DCE738AF-2C14-4279-96FB-16930BD1F459}.Release|Mixed Platforms.Build.0 = Release|Any CPU
		{DCE738AF-2C14-4279-96FB-16930BD1F459}.Release|x86.ActiveCfg = Release|Any CPU
		{36862628-1F0C-4EA5-8963-C79BAF958DC1}.Debug|Any CPU.ActiveCfg = Debug|Any CPU
		{36862628-1F0C-4EA5-8963-C79BAF958DC1}.Debug|Any CPU.Build.0 = Debug|Any CPU
		{36862628-1F0C-4EA5-8963-C79BAF958DC1}.Debug|Mixed Platforms.ActiveCfg = Debug|Any CPU
		{36862628-1F0C-4EA5-8963-C79BAF958DC1}.Debug|Mixed Platforms.Build.0 = Debug|Any CPU
		{36862628-1F0C-4EA5-8963-C79BAF958DC1}.Debug|x86.ActiveCfg = Debug|Any CPU
		{36862628-1F0C-4EA5-8963-C79BAF958DC1}.Release|Any CPU.ActiveCfg = Release|Any CPU
		{36862628-1F0C-4EA5-8963-C79BAF958DC1}.Release|Any CPU.Build.0 = Release|Any CPU
		{36862628-1F0C-4EA5-8963-C79BAF958DC1}.Release|Mixed Platforms.ActiveCfg = Release|Any CPU
		{36862628-1F0C-4EA5-8963-C79BAF958DC1}.Release|Mixed Platforms.Build.0 = Release|Any CPU
		{36862628-1F0C-4EA5-8963-C79BAF958DC1}.Release|x86.ActiveCfg = Release|Any CPU
		{24F513D3-3D65-42B9-893A-0D3196E45043}.Debug|Any CPU.ActiveCfg = Debug|x86
		{24F513D3-3D65-42B9-893A-0D3196E45043}.Debug|Mixed Platforms.ActiveCfg = Debug|x86
		{24F513D3-3D65-42B9-893A-0D3196E45043}.Debug|Mixed Platforms.Build.0 = Debug|x86
		{24F513D3-3D65-42B9-893A-0D3196E45043}.Debug|x86.ActiveCfg = Debug|x86
		{24F513D3-3D65-42B9-893A-0D3196E45043}.Debug|x86.Build.0 = Debug|x86
		{24F513D3-3D65-42B9-893A-0D3196E45043}.Release|Any CPU.ActiveCfg = Release|x86
		{24F513D3-3D65-42B9-893A-0D3196E45043}.Release|Mixed Platforms.ActiveCfg = Release|x86
		{24F513D3-3D65-42B9-893A-0D3196E45043}.Release|Mixed Platforms.Build.0 = Release|x86
		{24F513D3-3D65-42B9-893A-0D3196E45043}.Release|x86.ActiveCfg = Release|x86
		{24F513D3-3D65-42B9-893A-0D3196E45043}.Release|x86.Build.0 = Release|x86
		{DC55CE3B-BB8C-42BB-A363-D3F1ED825A86}.Debug|Any CPU.ActiveCfg = Debug|Any CPU
		{DC55CE3B-BB8C-42BB-A363-D3F1ED825A86}.Debug|Any CPU.Build.0 = Debug|Any CPU
		{DC55CE3B-BB8C-42BB-A363-D3F1ED825A86}.Debug|Mixed Platforms.ActiveCfg = Debug|Any CPU
		{DC55CE3B-BB8C-42BB-A363-D3F1ED825A86}.Debug|Mixed Platforms.Build.0 = Debug|Any CPU
		{DC55CE3B-BB8C-42BB-A363-D3F1ED825A86}.Debug|x86.ActiveCfg = Debug|Any CPU
		{DC55CE3B-BB8C-42BB-A363-D3F1ED825A86}.Release|Any CPU.ActiveCfg = Release|Any CPU
		{DC55CE3B-BB8C-42BB-A363-D3F1ED825A86}.Release|Any CPU.Build.0 = Release|Any CPU
		{DC55CE3B-BB8C-42BB-A363-D3F1ED825A86}.Release|Mixed Platforms.ActiveCfg = Release|Any CPU
		{DC55CE3B-BB8C-42BB-A363-D3F1ED825A86}.Release|Mixed Platforms.Build.0 = Release|Any CPU
		{DC55CE3B-BB8C-42BB-A363-D3F1ED825A86}.Release|x86.ActiveCfg = Release|Any CPU
		{17D2A12B-FCB1-4528-BA18-80FCE760249B}.Debug|Any CPU.ActiveCfg = Debug|Any CPU
		{17D2A12B-FCB1-4528-BA18-80FCE760249B}.Debug|Any CPU.Build.0 = Debug|Any CPU
		{17D2A12B-FCB1-4528-BA18-80FCE760249B}.Debug|Mixed Platforms.ActiveCfg = Debug|Any CPU
		{17D2A12B-FCB1-4528-BA18-80FCE760249B}.Debug|Mixed Platforms.Build.0 = Debug|Any CPU
		{17D2A12B-FCB1-4528-BA18-80FCE760249B}.Debug|x86.ActiveCfg = Debug|Any CPU
		{17D2A12B-FCB1-4528-BA18-80FCE760249B}.Release|Any CPU.ActiveCfg = Release|Any CPU
		{17D2A12B-FCB1-4528-BA18-80FCE760249B}.Release|Any CPU.Build.0 = Release|Any CPU
		{17D2A12B-FCB1-4528-BA18-80FCE760249B}.Release|Mixed Platforms.ActiveCfg = Release|Any CPU
		{17D2A12B-FCB1-4528-BA18-80FCE760249B}.Release|Mixed Platforms.Build.0 = Release|Any CPU
		{17D2A12B-FCB1-4528-BA18-80FCE760249B}.Release|x86.ActiveCfg = Release|Any CPU
		{05F98D83-C125-4553-BBA3-280731787A49}.Debug|Any CPU.ActiveCfg = Debug|Any CPU
		{05F98D83-C125-4553-BBA3-280731787A49}.Debug|Any CPU.Build.0 = Debug|Any CPU
		{05F98D83-C125-4553-BBA3-280731787A49}.Debug|Mixed Platforms.ActiveCfg = Debug|Any CPU
		{05F98D83-C125-4553-BBA3-280731787A49}.Debug|Mixed Platforms.Build.0 = Debug|Any CPU
		{05F98D83-C125-4553-BBA3-280731787A49}.Debug|x86.ActiveCfg = Debug|Any CPU
		{05F98D83-C125-4553-BBA3-280731787A49}.Debug|x86.Build.0 = Debug|Any CPU
		{05F98D83-C125-4553-BBA3-280731787A49}.Release|Any CPU.ActiveCfg = Release|Any CPU
		{05F98D83-C125-4553-BBA3-280731787A49}.Release|Any CPU.Build.0 = Release|Any CPU
		{05F98D83-C125-4553-BBA3-280731787A49}.Release|Mixed Platforms.ActiveCfg = Release|Any CPU
		{05F98D83-C125-4553-BBA3-280731787A49}.Release|Mixed Platforms.Build.0 = Release|Any CPU
		{05F98D83-C125-4553-BBA3-280731787A49}.Release|x86.ActiveCfg = Release|Any CPU
		{05F98D83-C125-4553-BBA3-280731787A49}.Release|x86.Build.0 = Release|Any CPU
		{EECC3FFC-827E-4051-9EDA-632BFBA7222B}.Debug|Any CPU.ActiveCfg = Debug|Any CPU
		{EECC3FFC-827E-4051-9EDA-632BFBA7222B}.Debug|Any CPU.Build.0 = Debug|Any CPU
		{EECC3FFC-827E-4051-9EDA-632BFBA7222B}.Debug|Mixed Platforms.ActiveCfg = Debug|Any CPU
		{EECC3FFC-827E-4051-9EDA-632BFBA7222B}.Debug|Mixed Platforms.Build.0 = Debug|Any CPU
		{EECC3FFC-827E-4051-9EDA-632BFBA7222B}.Debug|x86.ActiveCfg = Debug|Any CPU
		{EECC3FFC-827E-4051-9EDA-632BFBA7222B}.Debug|x86.Build.0 = Debug|Any CPU
		{EECC3FFC-827E-4051-9EDA-632BFBA7222B}.Release|Any CPU.ActiveCfg = Release|Any CPU
		{EECC3FFC-827E-4051-9EDA-632BFBA7222B}.Release|Any CPU.Build.0 = Release|Any CPU
		{EECC3FFC-827E-4051-9EDA-632BFBA7222B}.Release|Mixed Platforms.ActiveCfg = Release|Any CPU
		{EECC3FFC-827E-4051-9EDA-632BFBA7222B}.Release|Mixed Platforms.Build.0 = Release|Any CPU
		{EECC3FFC-827E-4051-9EDA-632BFBA7222B}.Release|x86.ActiveCfg = Release|Any CPU
		{EECC3FFC-827E-4051-9EDA-632BFBA7222B}.Release|x86.Build.0 = Release|Any CPU
		{DAE7EB04-FF30-4C25-A3B2-126F8758CBD1}.Debug|Any CPU.ActiveCfg = Debug|Any CPU
		{DAE7EB04-FF30-4C25-A3B2-126F8758CBD1}.Debug|Any CPU.Build.0 = Debug|Any CPU
		{DAE7EB04-FF30-4C25-A3B2-126F8758CBD1}.Debug|Mixed Platforms.ActiveCfg = Debug|Any CPU
		{DAE7EB04-FF30-4C25-A3B2-126F8758CBD1}.Debug|Mixed Platforms.Build.0 = Debug|Any CPU
		{DAE7EB04-FF30-4C25-A3B2-126F8758CBD1}.Debug|x86.ActiveCfg = Debug|Any CPU
		{DAE7EB04-FF30-4C25-A3B2-126F8758CBD1}.Debug|x86.Build.0 = Debug|Any CPU
		{DAE7EB04-FF30-4C25-A3B2-126F8758CBD1}.Release|Any CPU.ActiveCfg = Release|Any CPU
		{DAE7EB04-FF30-4C25-A3B2-126F8758CBD1}.Release|Any CPU.Build.0 = Release|Any CPU
		{DAE7EB04-FF30-4C25-A3B2-126F8758CBD1}.Release|Mixed Platforms.ActiveCfg = Release|Any CPU
		{DAE7EB04-FF30-4C25-A3B2-126F8758CBD1}.Release|Mixed Platforms.Build.0 = Release|Any CPU
		{DAE7EB04-FF30-4C25-A3B2-126F8758CBD1}.Release|x86.ActiveCfg = Release|Any CPU
		{DAE7EB04-FF30-4C25-A3B2-126F8758CBD1}.Release|x86.Build.0 = Release|Any CPU
	EndGlobalSection
	GlobalSection(SolutionProperties) = preSolution
		HideSolutionNode = FALSE
	EndGlobalSection
	GlobalSection(NestedProjects) = preSolution
		{DCE738AF-2C14-4279-96FB-16930BD1F459} = {26AE14E5-CB42-48B3-AF58-563F9C783EE4}
		{24F513D3-3D65-42B9-893A-0D3196E45043} = {D3F7937A-0B06-402D-A579-98DCFA0720DF}
		{DC55CE3B-BB8C-42BB-A363-D3F1ED825A86} = {26AE14E5-CB42-48B3-AF58-563F9C783EE4}
		{17D2A12B-FCB1-4528-BA18-80FCE760249B} = {26AE14E5-CB42-48B3-AF58-563F9C783EE4}
		{05F98D83-C125-4553-BBA3-280731787A49} = {8AF203FC-E533-41EF-9870-2134049C4016}
		{EECC3FFC-827E-4051-9EDA-632BFBA7222B} = {8AF203FC-E533-41EF-9870-2134049C4016}
		{DAE7EB04-FF30-4C25-A3B2-126F8758CBD1} = {8AF203FC-E533-41EF-9870-2134049C4016}
	EndGlobalSection
EndGlobal
