
Microsoft Visual Studio Solution File, Format Version 12.00
# Visual Studio 14
VisualStudioVersion = 14.0.25123.0
MinimumVisualStudioVersion = 10.0.40219.1
Project("{FAE04EC0-301F-11D3-BF4B-00C04F79EFBC}") = "Bowling", "Bowling\Bowling.csproj", "{05F98D83-C125-4553-BBA3-280731787A49}"
EndProject
Project("{FAE04EC0-301F-11D3-BF4B-00C04F79EFBC}") = "Bowling.Specs", "Bowling.Specs\Bowling.Specs.csproj", "{EECC3FFC-827E-4051-9EDA-632BFBA7222B}"
EndProject
Global
	GlobalSection(SolutionConfigurationPlatforms) = preSolution
		Debug|Any CPU = Debug|Any CPU
		Release|Any CPU = Release|Any CPU
	EndGlobalSection
	GlobalSection(ProjectConfigurationPlatforms) = postSolution
		{05F98D83-C125-4553-BBA3-280731787A49}.Debug|Any CPU.ActiveCfg = Debug|Any CPU
		{05F98D83-C125-4553-BBA3-280731787A49}.Debug|Any CPU.Build.0 = Debug|Any CPU
		{05F98D83-C125-4553-BBA3-280731787A49}.Release|Any CPU.ActiveCfg = Release|Any CPU
		{05F98D83-C125-4553-BBA3-280731787A49}.Release|Any CPU.Build.0 = Release|Any CPU
		{EECC3FFC-827E-4051-9EDA-632BFBA7222B}.Debug|Any CPU.ActiveCfg = Debug|Any CPU
		{EECC3FFC-827E-4051-9EDA-632BFBA7222B}.Debug|Any CPU.Build.0 = Debug|Any CPU
		{EECC3FFC-827E-4051-9EDA-632BFBA7222B}.Release|Any CPU.ActiveCfg = Release|Any CPU
		{EECC3FFC-827E-4051-9EDA-632BFBA7222B}.Release|Any CPU.Build.0 = Release|Any CPU
	EndGlobalSection
	GlobalSection(SolutionProperties) = preSolution
		HideSolutionNode = FALSE
	EndGlobalSection
EndGlobal
